<?xml version="1.0" encoding="utf-8"?>
<Project ToolsVersion="17.0" xmlns="http://schemas.microsoft.com/developer/msbuild/2003">
  <ItemGroup>
    <ClCompile Include="D:\ApplicationData\Anaconda\pyproj\GongXun\App\main.cpp">
      <Filter>Source Files</Filter>
    </ClCompile>
  </ItemGroup>
  <ItemGroup>
    <CustomBuild Include="D:\ApplicationData\Anaconda\pyproj\GongXun\App\CMakeLists.txt" />
  </ItemGroup>
  <ItemGroup>
    <Filter Include="Source Files">
      <UniqueIdentifier>{D8506EE6-CC5B-3459-AB50-C1812E98A996}</UniqueIdentifier>
    </Filter>
  </ItemGroup>
</Project>
