
Microsoft Visual Studio Solution File, Format Version 12.00
# Visual Studio Version 17
Project("{8BC9CEB8-8B4A-11D0-8D11-00A0C91BC942}") = "ALL_BUILD", "ALL_BUILD.vcxproj", "{A3752B95-4CDF-38A7-93D9-C250286D6767}"
	ProjectSection(ProjectDependencies) = postProject
		{72641E53-B700-3989-B30E-1A35E8ACD259} = {72641E53-B700-3989-B30E-1A35E8ACD259}
		{408F6AC9-0A69-34CB-A53C-16AEA8B4C897} = {408F6AC9-0A69-34CB-A53C-16AEA8B4C897}
	EndProjectSection
EndProject
Project("{8BC9CEB8-8B4A-11D0-8D11-00A0C91BC942}") = "ZERO_CHECK", "ZERO_CHECK.vcxproj", "{72641E53-B700-3989-B30E-1A35E8ACD259}"
	ProjectSection(ProjectDependencies) = postProject
	EndProjectSection
EndProject
Project("{8BC9CEB8-8B4A-11D0-8D11-00A0C91BC942}") = "app", "app.vcxproj", "{408F6AC9-0A69-34CB-A53C-16AEA8B4C897}"
	ProjectSection(ProjectDependencies) = postProject
		{72641E53-B700-3989-B30E-1A35E8ACD259} = {72641E53-B700-3989-B30E-1A35E8ACD259}
	EndProjectSection
EndProject
Global
	GlobalSection(SolutionConfigurationPlatforms) = preSolution
		Debug|x64 = Debug|x64
		Release|x64 = Release|x64
		MinSizeRel|x64 = MinSizeRel|x64
		RelWithDebInfo|x64 = RelWithDebInfo|x64
	EndGlobalSection
	GlobalSection(ProjectConfigurationPlatforms) = postSolution
		{A3752B95-4CDF-38A7-93D9-C250286D6767}.Debug|x64.ActiveCfg = Debug|x64
		{A3752B95-4CDF-38A7-93D9-C250286D6767}.Release|x64.ActiveCfg = Release|x64
		{A3752B95-4CDF-38A7-93D9-C250286D6767}.MinSizeRel|x64.ActiveCfg = MinSizeRel|x64
		{A3752B95-4CDF-38A7-93D9-C250286D6767}.RelWithDebInfo|x64.ActiveCfg = RelWithDebInfo|x64
		{72641E53-B700-3989-B30E-1A35E8ACD259}.Debug|x64.ActiveCfg = Debug|x64
		{72641E53-B700-3989-B30E-1A35E8ACD259}.Debug|x64.Build.0 = Debug|x64
		{72641E53-B700-3989-B30E-1A35E8ACD259}.Release|x64.ActiveCfg = Release|x64
		{72641E53-B700-3989-B30E-1A35E8ACD259}.Release|x64.Build.0 = Release|x64
		{72641E53-B700-3989-B30E-1A35E8ACD259}.MinSizeRel|x64.ActiveCfg = MinSizeRel|x64
		{72641E53-B700-3989-B30E-1A35E8ACD259}.MinSizeRel|x64.Build.0 = MinSizeRel|x64
		{72641E53-B700-3989-B30E-1A35E8ACD259}.RelWithDebInfo|x64.ActiveCfg = RelWithDebInfo|x64
		{72641E53-B700-3989-B30E-1A35E8ACD259}.RelWithDebInfo|x64.Build.0 = RelWithDebInfo|x64
		{408F6AC9-0A69-34CB-A53C-16AEA8B4C897}.Debug|x64.ActiveCfg = Debug|x64
		{408F6AC9-0A69-34CB-A53C-16AEA8B4C897}.Debug|x64.Build.0 = Debug|x64
		{408F6AC9-0A69-34CB-A53C-16AEA8B4C897}.Release|x64.ActiveCfg = Release|x64
		{408F6AC9-0A69-34CB-A53C-16AEA8B4C897}.Release|x64.Build.0 = Release|x64
		{408F6AC9-0A69-34CB-A53C-16AEA8B4C897}.MinSizeRel|x64.ActiveCfg = MinSizeRel|x64
		{408F6AC9-0A69-34CB-A53C-16AEA8B4C897}.MinSizeRel|x64.Build.0 = MinSizeRel|x64
		{408F6AC9-0A69-34CB-A53C-16AEA8B4C897}.RelWithDebInfo|x64.ActiveCfg = RelWithDebInfo|x64
		{408F6AC9-0A69-34CB-A53C-16AEA8B4C897}.RelWithDebInfo|x64.Build.0 = RelWithDebInfo|x64
	EndGlobalSection
	GlobalSection(ExtensibilityGlobals) = postSolution
		SolutionGuid = {D9E951EB-B888-3443-8A68-2D86F9FA3B09}
	EndGlobalSection
	GlobalSection(ExtensibilityAddIns) = postSolution
	EndGlobalSection
EndGlobal
