<?xml version="1.0" encoding="utf-8"?>
<Project ToolsVersion="17.0" xmlns="http://schemas.microsoft.com/developer/msbuild/2003">
  <ItemGroup>
    <CustomBuild Include="D:\ApplicationData\Anaconda\pyproj\GongXun\App\CMakeFiles\108c4f26771213753e6257038ff649e6\generate.stamp.rule">
      <Filter>CMake Rules</Filter>
    </CustomBuild>
  </ItemGroup>
  <ItemGroup>
    <Filter Include="CMake Rules">
      <UniqueIdentifier>{599C3446-14D2-3950-9750-74BF2EC4BF11}</UniqueIdentifier>
    </Filter>
  </ItemGroup>
</Project>
